
Microsoft Visual Studio Solution File, Format Version 12.00
# Visual Studio Version 17
VisualStudioVersion = 17.0.31903.59
MinimumVisualStudioVersion = 10.0.40219.1
Project("{FAE04EC0-301F-11D3-BF4B-00C04F79EFBC}") = "IntegrationTest.Console", "IntegrationTest.Console\IntegrationTest.Console.csproj", "{1C20FBB2-8AF5-4E33-9273-215C5E51752B}"
EndProject
Project("{FAE04EC0-301F-11D3-BF4B-00C04F79EFBC}") = "IntegrationTest.Function", "IntegrationTest.Function\IntegrationTest.Function.csproj", "{22AD4148-8D86-4F2B-AD24-2AADF8027B66}"
EndProject
Project("{FAE04EC0-301F-11D3-BF4B-00C04F79EFBC}") = "Guanchen.Monitor", "Guanchen.Monitor\Guanchen.Monitor.csproj", "{B7356221-6F96-4B81-BB1B-D860D10CB0E9}"
EndProject
Project("{FAE04EC0-301F-11D3-BF4B-00C04F79EFBC}") = "IntegrationTest", "IntegrationTest\IntegrationTest.csproj", "{EAF5A64C-E7E4-4647-83A9-9C99531E02DA}"
EndProject
Global
	GlobalSection(SolutionConfigurationPlatforms) = preSolution
		Debug|Any CPU = Debug|Any CPU
		Debug|x64 = Debug|x64
		Debug|x86 = Debug|x86
		Release|Any CPU = Release|Any CPU
		Release|x64 = Release|x64
		Release|x86 = Release|x86
	EndGlobalSection
	GlobalSection(ProjectConfigurationPlatforms) = postSolution
		{1C20FBB2-8AF5-4E33-9273-215C5E51752B}.Debug|Any CPU.ActiveCfg = Debug|Any CPU
		{1C20FBB2-8AF5-4E33-9273-215C5E51752B}.Debug|Any CPU.Build.0 = Debug|Any CPU
		{1C20FBB2-8AF5-4E33-9273-215C5E51752B}.Debug|x64.ActiveCfg = Debug|Any CPU
		{1C20FBB2-8AF5-4E33-9273-215C5E51752B}.Debug|x64.Build.0 = Debug|Any CPU
		{1C20FBB2-8AF5-4E33-9273-215C5E51752B}.Debug|x86.ActiveCfg = Debug|Any CPU
		{1C20FBB2-8AF5-4E33-9273-215C5E51752B}.Debug|x86.Build.0 = Debug|Any CPU
		{1C20FBB2-8AF5-4E33-9273-215C5E51752B}.Release|Any CPU.ActiveCfg = Release|Any CPU
		{1C20FBB2-8AF5-4E33-9273-215C5E51752B}.Release|Any CPU.Build.0 = Release|Any CPU
		{1C20FBB2-8AF5-4E33-9273-215C5E51752B}.Release|x64.ActiveCfg = Release|Any CPU
		{1C20FBB2-8AF5-4E33-9273-215C5E51752B}.Release|x64.Build.0 = Release|Any CPU
		{1C20FBB2-8AF5-4E33-9273-215C5E51752B}.Release|x86.ActiveCfg = Release|Any CPU
		{1C20FBB2-8AF5-4E33-9273-215C5E51752B}.Release|x86.Build.0 = Release|Any CPU
		{22AD4148-8D86-4F2B-AD24-2AADF8027B66}.Debug|Any CPU.ActiveCfg = Debug|Any CPU
		{22AD4148-8D86-4F2B-AD24-2AADF8027B66}.Debug|Any CPU.Build.0 = Debug|Any CPU
		{22AD4148-8D86-4F2B-AD24-2AADF8027B66}.Debug|x64.ActiveCfg = Debug|Any CPU
		{22AD4148-8D86-4F2B-AD24-2AADF8027B66}.Debug|x64.Build.0 = Debug|Any CPU
		{22AD4148-8D86-4F2B-AD24-2AADF8027B66}.Debug|x86.ActiveCfg = Debug|Any CPU
		{22AD4148-8D86-4F2B-AD24-2AADF8027B66}.Debug|x86.Build.0 = Debug|Any CPU
		{22AD4148-8D86-4F2B-AD24-2AADF8027B66}.Release|Any CPU.ActiveCfg = Release|Any CPU
		{22AD4148-8D86-4F2B-AD24-2AADF8027B66}.Release|Any CPU.Build.0 = Release|Any CPU
		{22AD4148-8D86-4F2B-AD24-2AADF8027B66}.Release|x64.ActiveCfg = Release|Any CPU
		{22AD4148-8D86-4F2B-AD24-2AADF8027B66}.Release|x64.Build.0 = Release|Any CPU
		{22AD4148-8D86-4F2B-AD24-2AADF8027B66}.Release|x86.ActiveCfg = Release|Any CPU
		{22AD4148-8D86-4F2B-AD24-2AADF8027B66}.Release|x86.Build.0 = Release|Any CPU
		{B7356221-6F96-4B81-BB1B-D860D10CB0E9}.Debug|Any CPU.ActiveCfg = Debug|Any CPU
		{B7356221-6F96-4B81-BB1B-D860D10CB0E9}.Debug|Any CPU.Build.0 = Debug|Any CPU
		{B7356221-6F96-4B81-BB1B-D860D10CB0E9}.Debug|x64.ActiveCfg = Debug|Any CPU
		{B7356221-6F96-4B81-BB1B-D860D10CB0E9}.Debug|x64.Build.0 = Debug|Any CPU
		{B7356221-6F96-4B81-BB1B-D860D10CB0E9}.Debug|x86.ActiveCfg = Debug|Any CPU
		{B7356221-6F96-4B81-BB1B-D860D10CB0E9}.Debug|x86.Build.0 = Debug|Any CPU
		{B7356221-6F96-4B81-BB1B-D860D10CB0E9}.Release|Any CPU.ActiveCfg = Release|Any CPU
		{B7356221-6F96-4B81-BB1B-D860D10CB0E9}.Release|Any CPU.Build.0 = Release|Any CPU
		{B7356221-6F96-4B81-BB1B-D860D10CB0E9}.Release|x64.ActiveCfg = Release|Any CPU
		{B7356221-6F96-4B81-BB1B-D860D10CB0E9}.Release|x64.Build.0 = Release|Any CPU
		{B7356221-6F96-4B81-BB1B-D860D10CB0E9}.Release|x86.ActiveCfg = Release|Any CPU
		{B7356221-6F96-4B81-BB1B-D860D10CB0E9}.Release|x86.Build.0 = Release|Any CPU
		{EAF5A64C-E7E4-4647-83A9-9C99531E02DA}.Debug|Any CPU.ActiveCfg = Debug|Any CPU
		{EAF5A64C-E7E4-4647-83A9-9C99531E02DA}.Debug|Any CPU.Build.0 = Debug|Any CPU
		{EAF5A64C-E7E4-4647-83A9-9C99531E02DA}.Debug|x64.ActiveCfg = Debug|Any CPU
		{EAF5A64C-E7E4-4647-83A9-9C99531E02DA}.Debug|x64.Build.0 = Debug|Any CPU
		{EAF5A64C-E7E4-4647-83A9-9C99531E02DA}.Debug|x86.ActiveCfg = Debug|Any CPU
		{EAF5A64C-E7E4-4647-83A9-9C99531E02DA}.Debug|x86.Build.0 = Debug|Any CPU
		{EAF5A64C-E7E4-4647-83A9-9C99531E02DA}.Release|Any CPU.ActiveCfg = Release|Any CPU
		{EAF5A64C-E7E4-4647-83A9-9C99531E02DA}.Release|Any CPU.Build.0 = Release|Any CPU
		{EAF5A64C-E7E4-4647-83A9-9C99531E02DA}.Release|x64.ActiveCfg = Release|Any CPU
		{EAF5A64C-E7E4-4647-83A9-9C99531E02DA}.Release|x64.Build.0 = Release|Any CPU
		{EAF5A64C-E7E4-4647-83A9-9C99531E02DA}.Release|x86.ActiveCfg = Release|Any CPU
		{EAF5A64C-E7E4-4647-83A9-9C99531E02DA}.Release|x86.Build.0 = Release|Any CPU
	EndGlobalSection
	GlobalSection(SolutionProperties) = preSolution
		HideSolutionNode = FALSE
	EndGlobalSection
EndGlobal
